
Microsoft Visual Studio Solution File, Format Version 12.00
# Visual Studio Version 16
VisualStudioVersion = 16.0.33214.272
MinimumVisualStudioVersion = 10.0.40219.1
Project("{888888A0-9F3D-457C-B088-3A5042F75D52}") = "Sudoku", "Sudoku.pyproj", "{A2264D5E-34E4-46E5-ADF9-67FEFB1CC908}"
EndProject
Global
	GlobalSection(SolutionConfigurationPlatforms) = preSolution
		Debug|Any CPU = Debug|Any CPU
		Release|Any CPU = Release|Any CPU
	EndGlobalSection
	GlobalSection(ProjectConfigurationPlatforms) = postSolution
		{A2264D5E-34E4-46E5-ADF9-67FEFB1CC908}.Debug|Any CPU.ActiveCfg = Debug|Any CPU
		{A2264D5E-34E4-46E5-ADF9-67FEFB1CC908}.Release|Any CPU.ActiveCfg = Release|Any CPU
	EndGlobalSection
	GlobalSection(SolutionProperties) = preSolution
		HideSolutionNode = FALSE
	EndGlobalSection
	GlobalSection(ExtensibilityGlobals) = postSolution
		SolutionGuid = {E1F4D025-32A9-461C-8483-8627F5AEF623}
	EndGlobalSection
EndGlobal
